# This file is generated by running "yarn install" inside your project.
# Manual changes might be lost - proceed with caution!

__metadata:
  version: 8
  cacheKey: 10c0

"blur@workspace:.":
  version: 0.0.0-use.local
  resolution: "blur@workspace:."
  dependencies:
    typescript: "npm:^5.4.5"
  languageName: unknown
  linkType: soft

"typescript@npm:^5.4.5":
  version: 5.4.5
  resolution: "typescript@npm:5.4.5"
  bin:
    tsc: bin/tsc
    tsserver: bin/tsserver
  checksum: 10c0/2954022ada340fd3d6a9e2b8e534f65d57c92d5f3989a263754a78aba549f7e6529acc1921913560a4b816c46dce7df4a4d29f9f11a3dc0d4213bb76d043251e
  languageName: node
  linkType: hard

"typescript@patch:typescript@npm%3A^5.4.5#optional!builtin<compat/typescript>":
  version: 5.4.5
  resolution: "typescript@patch:typescript@npm%3A5.4.5#optional!builtin<compat/typescript>::version=5.4.5&hash=5adc0c"
  bin:
    tsc: bin/tsc
    tsserver: bin/tsserver
  checksum: 10c0/db2ad2a16ca829f50427eeb1da155e7a45e598eec7b086d8b4e8ba44e5a235f758e606d681c66992230d3fc3b8995865e5fd0b22a2c95486d0b3200f83072ec9
  languageName: node
  linkType: hard
